
Microsoft Visual Studio Solution File, Format Version 12.00
# Visual Studio Version 17
VisualStudioVersion = 17.4.33213.308
MinimumVisualStudioVersion = 10.0.40219.1
Project("{FAE04EC0-301F-11D3-BF4B-00C04F79EFBC}") = "FactoryMethod", "FactoryMethod\FactoryMethod.csproj", "{93D10D5A-2ADE-4A30-9A4E-924B448B82D7}"
EndProject
Project("{FAE04EC0-301F-11D3-BF4B-00C04F79EFBC}") = "AbstractMethod", "AbstractMethod\AbstractMethod.csproj", "{24DC1941-D654-44B4-BDEE-6F9FD302447A}"
EndProject
Project("{FAE04EC0-301F-11D3-BF4B-00C04F79EFBC}") = "Builder", "Builder\Builder.csproj", "{297FBA79-9505-4D88-B79E-7A802D4B666D}"
EndProject
Global
	GlobalSection(SolutionConfigurationPlatforms) = preSolution
		Debug|Any CPU = Debug|Any CPU
		Release|Any CPU = Release|Any CPU
	EndGlobalSection
	GlobalSection(ProjectConfigurationPlatforms) = postSolution
		{93D10D5A-2ADE-4A30-9A4E-924B448B82D7}.Debug|Any CPU.ActiveCfg = Debug|Any CPU
		{93D10D5A-2ADE-4A30-9A4E-924B448B82D7}.Debug|Any CPU.Build.0 = Debug|Any CPU
		{93D10D5A-2ADE-4A30-9A4E-924B448B82D7}.Release|Any CPU.ActiveCfg = Release|Any CPU
		{93D10D5A-2ADE-4A30-9A4E-924B448B82D7}.Release|Any CPU.Build.0 = Release|Any CPU
		{24DC1941-D654-44B4-BDEE-6F9FD302447A}.Debug|Any CPU.ActiveCfg = Debug|Any CPU
		{24DC1941-D654-44B4-BDEE-6F9FD302447A}.Debug|Any CPU.Build.0 = Debug|Any CPU
		{24DC1941-D654-44B4-BDEE-6F9FD302447A}.Release|Any CPU.ActiveCfg = Release|Any CPU
		{24DC1941-D654-44B4-BDEE-6F9FD302447A}.Release|Any CPU.Build.0 = Release|Any CPU
		{297FBA79-9505-4D88-B79E-7A802D4B666D}.Debug|Any CPU.ActiveCfg = Debug|Any CPU
		{297FBA79-9505-4D88-B79E-7A802D4B666D}.Debug|Any CPU.Build.0 = Debug|Any CPU
		{297FBA79-9505-4D88-B79E-7A802D4B666D}.Release|Any CPU.ActiveCfg = Release|Any CPU
		{297FBA79-9505-4D88-B79E-7A802D4B666D}.Release|Any CPU.Build.0 = Release|Any CPU
	EndGlobalSection
	GlobalSection(SolutionProperties) = preSolution
		HideSolutionNode = FALSE
	EndGlobalSection
	GlobalSection(ExtensibilityGlobals) = postSolution
		SolutionGuid = {AFCFD4D8-A38D-4763-A252-77592BD9C24A}
	EndGlobalSection
EndGlobal
